
Microsoft Visual Studio Solution File, Format Version 12.00
# Visual Studio Version 17
VisualStudioVersion = 17.1.32421.90
MinimumVisualStudioVersion = 10.0.40219.1
Project("{FAE04EC0-301F-11D3-BF4B-00C04F79EFBC}") = "API_Login", "API_Login\API_Login.csproj", "{2B8C3C9C-FA37-4707-B64D-5C55DF0E2029}"
EndProject
Project("{2150E333-8FDC-42A3-9474-1A3956D46DE8}") = "1.0 - Apresentação", "1.0 - Apresentação", "{90BE7DB0-5245-4167-833A-612AE8508AE1}"
EndProject
Project("{2150E333-8FDC-42A3-9474-1A3956D46DE8}") = "3.0 - Domínio", "3.0 - Domínio", "{09335B79-898C-42BA-962D-D9419C9052A3}"
EndProject
Project("{2150E333-8FDC-42A3-9474-1A3956D46DE8}") = "2.0 - Aplicação", "2.0 - Aplicação", "{89B70417-2C6B-459B-BE72-9F8B4C9A0146}"
EndProject
Project("{2150E333-8FDC-42A3-9474-1A3956D46DE8}") = "4.0 - Infra", "4.0 - Infra", "{0DAC2695-53A5-44E4-B3B7-D39455839709}"
EndProject
Project("{FAE04EC0-301F-11D3-BF4B-00C04F79EFBC}") = "Aplicacao", "Aplicacao\Aplicacao.csproj", "{AF48B8E8-0B13-437A-AE0D-F3D60B086424}"
EndProject
Project("{FAE04EC0-301F-11D3-BF4B-00C04F79EFBC}") = "AplicacaoDto", "AplicacaoDto\AplicacaoDto.csproj", "{574BAF5B-7877-4254-882D-E935758523EE}"
EndProject
Project("{FAE04EC0-301F-11D3-BF4B-00C04F79EFBC}") = "Core", "Core\Core.csproj", "{BA4EB101-4A1B-44CA-9BA3-FB5CE51C2E90}"
EndProject
Project("{FAE04EC0-301F-11D3-BF4B-00C04F79EFBC}") = "Dominio", "Dominio\Dominio.csproj", "{BC266C60-0E02-4636-8DC3-0D895C33F127}"
EndProject
Project("{FAE04EC0-301F-11D3-BF4B-00C04F79EFBC}") = "Servico", "Servico\Servico.csproj", "{41A34C7C-FEFD-485F-9829-72DA6C4348DA}"
EndProject
Project("{2150E333-8FDC-42A3-9474-1A3956D46DE8}") = "4.1 - Data", "4.1 - Data", "{E22E3E4B-8EB0-4926-93E7-DD91816AD1EB}"
EndProject
Project("{2150E333-8FDC-42A3-9474-1A3956D46DE8}") = "4.2 - CrossCutting", "4.2 - CrossCutting", "{CF82A248-DF1B-4D3B-94EC-8BE3FF2DE268}"
EndProject
Project("{FAE04EC0-301F-11D3-BF4B-00C04F79EFBC}") = "Data", "Data\Data.csproj", "{D6E2C620-2779-492E-B652-A3754722EE21}"
EndProject
Project("{FAE04EC0-301F-11D3-BF4B-00C04F79EFBC}") = "Repositorio", "Repositorio\Repositorio.csproj", "{133E008F-7757-41B2-A271-2832106FC272}"
EndProject
Project("{FAE04EC0-301F-11D3-BF4B-00C04F79EFBC}") = "Adaptador", "Adaptador\Adaptador.csproj", "{A333A764-E886-43F8-83D6-6C9F00A45881}"
EndProject
Project("{FAE04EC0-301F-11D3-BF4B-00C04F79EFBC}") = "IoC", "IoC\IoC.csproj", "{3758C8AE-742C-40AB-9F3D-9A9773CE235E}"
EndProject
Global
	GlobalSection(SolutionConfigurationPlatforms) = preSolution
		Debug|Any CPU = Debug|Any CPU
		Release|Any CPU = Release|Any CPU
	EndGlobalSection
	GlobalSection(ProjectConfigurationPlatforms) = postSolution
		{2B8C3C9C-FA37-4707-B64D-5C55DF0E2029}.Debug|Any CPU.ActiveCfg = Debug|Any CPU
		{2B8C3C9C-FA37-4707-B64D-5C55DF0E2029}.Debug|Any CPU.Build.0 = Debug|Any CPU
		{2B8C3C9C-FA37-4707-B64D-5C55DF0E2029}.Release|Any CPU.ActiveCfg = Release|Any CPU
		{2B8C3C9C-FA37-4707-B64D-5C55DF0E2029}.Release|Any CPU.Build.0 = Release|Any CPU
		{AF48B8E8-0B13-437A-AE0D-F3D60B086424}.Debug|Any CPU.ActiveCfg = Debug|Any CPU
		{AF48B8E8-0B13-437A-AE0D-F3D60B086424}.Debug|Any CPU.Build.0 = Debug|Any CPU
		{AF48B8E8-0B13-437A-AE0D-F3D60B086424}.Release|Any CPU.ActiveCfg = Release|Any CPU
		{AF48B8E8-0B13-437A-AE0D-F3D60B086424}.Release|Any CPU.Build.0 = Release|Any CPU
		{574BAF5B-7877-4254-882D-E935758523EE}.Debug|Any CPU.ActiveCfg = Debug|Any CPU
		{574BAF5B-7877-4254-882D-E935758523EE}.Debug|Any CPU.Build.0 = Debug|Any CPU
		{574BAF5B-7877-4254-882D-E935758523EE}.Release|Any CPU.ActiveCfg = Release|Any CPU
		{574BAF5B-7877-4254-882D-E935758523EE}.Release|Any CPU.Build.0 = Release|Any CPU
		{BA4EB101-4A1B-44CA-9BA3-FB5CE51C2E90}.Debug|Any CPU.ActiveCfg = Debug|Any CPU
		{BA4EB101-4A1B-44CA-9BA3-FB5CE51C2E90}.Debug|Any CPU.Build.0 = Debug|Any CPU
		{BA4EB101-4A1B-44CA-9BA3-FB5CE51C2E90}.Release|Any CPU.ActiveCfg = Release|Any CPU
		{BA4EB101-4A1B-44CA-9BA3-FB5CE51C2E90}.Release|Any CPU.Build.0 = Release|Any CPU
		{BC266C60-0E02-4636-8DC3-0D895C33F127}.Debug|Any CPU.ActiveCfg = Debug|Any CPU
		{BC266C60-0E02-4636-8DC3-0D895C33F127}.Debug|Any CPU.Build.0 = Debug|Any CPU
		{BC266C60-0E02-4636-8DC3-0D895C33F127}.Release|Any CPU.ActiveCfg = Release|Any CPU
		{BC266C60-0E02-4636-8DC3-0D895C33F127}.Release|Any CPU.Build.0 = Release|Any CPU
		{41A34C7C-FEFD-485F-9829-72DA6C4348DA}.Debug|Any CPU.ActiveCfg = Debug|Any CPU
		{41A34C7C-FEFD-485F-9829-72DA6C4348DA}.Debug|Any CPU.Build.0 = Debug|Any CPU
		{41A34C7C-FEFD-485F-9829-72DA6C4348DA}.Release|Any CPU.ActiveCfg = Release|Any CPU
		{41A34C7C-FEFD-485F-9829-72DA6C4348DA}.Release|Any CPU.Build.0 = Release|Any CPU
		{D6E2C620-2779-492E-B652-A3754722EE21}.Debug|Any CPU.ActiveCfg = Debug|Any CPU
		{D6E2C620-2779-492E-B652-A3754722EE21}.Debug|Any CPU.Build.0 = Debug|Any CPU
		{D6E2C620-2779-492E-B652-A3754722EE21}.Release|Any CPU.ActiveCfg = Release|Any CPU
		{D6E2C620-2779-492E-B652-A3754722EE21}.Release|Any CPU.Build.0 = Release|Any CPU
		{133E008F-7757-41B2-A271-2832106FC272}.Debug|Any CPU.ActiveCfg = Debug|Any CPU
		{133E008F-7757-41B2-A271-2832106FC272}.Debug|Any CPU.Build.0 = Debug|Any CPU
		{133E008F-7757-41B2-A271-2832106FC272}.Release|Any CPU.ActiveCfg = Release|Any CPU
		{133E008F-7757-41B2-A271-2832106FC272}.Release|Any CPU.Build.0 = Release|Any CPU
		{A333A764-E886-43F8-83D6-6C9F00A45881}.Debug|Any CPU.ActiveCfg = Debug|Any CPU
		{A333A764-E886-43F8-83D6-6C9F00A45881}.Debug|Any CPU.Build.0 = Debug|Any CPU
		{A333A764-E886-43F8-83D6-6C9F00A45881}.Release|Any CPU.ActiveCfg = Release|Any CPU
		{A333A764-E886-43F8-83D6-6C9F00A45881}.Release|Any CPU.Build.0 = Release|Any CPU
		{3758C8AE-742C-40AB-9F3D-9A9773CE235E}.Debug|Any CPU.ActiveCfg = Debug|Any CPU
		{3758C8AE-742C-40AB-9F3D-9A9773CE235E}.Debug|Any CPU.Build.0 = Debug|Any CPU
		{3758C8AE-742C-40AB-9F3D-9A9773CE235E}.Release|Any CPU.ActiveCfg = Release|Any CPU
		{3758C8AE-742C-40AB-9F3D-9A9773CE235E}.Release|Any CPU.Build.0 = Release|Any CPU
	EndGlobalSection
	GlobalSection(SolutionProperties) = preSolution
		HideSolutionNode = FALSE
	EndGlobalSection
	GlobalSection(NestedProjects) = preSolution
		{2B8C3C9C-FA37-4707-B64D-5C55DF0E2029} = {90BE7DB0-5245-4167-833A-612AE8508AE1}
		{AF48B8E8-0B13-437A-AE0D-F3D60B086424} = {89B70417-2C6B-459B-BE72-9F8B4C9A0146}
		{574BAF5B-7877-4254-882D-E935758523EE} = {89B70417-2C6B-459B-BE72-9F8B4C9A0146}
		{BA4EB101-4A1B-44CA-9BA3-FB5CE51C2E90} = {09335B79-898C-42BA-962D-D9419C9052A3}
		{BC266C60-0E02-4636-8DC3-0D895C33F127} = {09335B79-898C-42BA-962D-D9419C9052A3}
		{41A34C7C-FEFD-485F-9829-72DA6C4348DA} = {09335B79-898C-42BA-962D-D9419C9052A3}
		{E22E3E4B-8EB0-4926-93E7-DD91816AD1EB} = {0DAC2695-53A5-44E4-B3B7-D39455839709}
		{CF82A248-DF1B-4D3B-94EC-8BE3FF2DE268} = {0DAC2695-53A5-44E4-B3B7-D39455839709}
		{D6E2C620-2779-492E-B652-A3754722EE21} = {E22E3E4B-8EB0-4926-93E7-DD91816AD1EB}
		{133E008F-7757-41B2-A271-2832106FC272} = {E22E3E4B-8EB0-4926-93E7-DD91816AD1EB}
		{A333A764-E886-43F8-83D6-6C9F00A45881} = {CF82A248-DF1B-4D3B-94EC-8BE3FF2DE268}
		{3758C8AE-742C-40AB-9F3D-9A9773CE235E} = {CF82A248-DF1B-4D3B-94EC-8BE3FF2DE268}
	EndGlobalSection
	GlobalSection(ExtensibilityGlobals) = postSolution
		SolutionGuid = {944F89BF-E44A-4E12-8CEC-994AF599F9E1}
	EndGlobalSection
EndGlobal
